{
  "requires": true,
  "lockfileVersion": 1,
  "dependencies": {
    "bson": {
      "version": "0.1.8",
      "resolved": "https://registry.npmjs.org/bson/-/bson-0.1.8.tgz",
      "integrity": "sha1-zzT9z/CBoYm1ibSz5ekwnNZQbIE="
    },
    "buffer-reduce": {
      "version": "github:Raynos/buffer-reduce#34f181a6191bb8e7159b08d6bba5d6e4aaec2c17",
      "from": "github:Raynos/buffer-reduce#dedup",
      "requires": {
        "reducers": "github:Raynos/reducers#dedup",
        "reducible": "github:Raynos/reducible#v1.0.6"
      }
    },
    "cache-reduce": {
      "version": "github:Raynos/cache-reduce#b4bc149cf7c4bc6845478090b272f743ab306ac4",
      "from": "github:Raynos/cache-reduce#dedup",
      "requires": {
        "buffer-reduce": "github:Raynos/buffer-reduce#dedup",
        "reducible": "github:Raynos/reducible#v1.0.6"
      }
    },
    "callback-reduce": {
      "version": "github:Raynos/callback-reduce#5a50a8551ac0d78d998dbb48828c09eb0f7cd067",
      "from": "github:Raynos/callback-reduce#dedup",
      "requires": {
        "functional": "~1.0.0",
        "reducible": "github:Raynos/reducible#v1.0.6"
      }
    },
    "functional": {
      "version": "1.0.0",
      "resolved": "https://registry.npmjs.org/functional/-/functional-1.0.0.tgz",
      "integrity": "sha1-D6EB/pQ9tXD0jTqNbi85GhWy/qA="
    },
    "method": {
      "version": "2.0.0",
      "resolved": "https://registry.npmjs.org/method/-/method-2.0.0.tgz",
      "integrity": "sha1-5EmEje+m2u8QuBY9nZqi0HG3UA8="
    },
    "mongo-client": {
      "version": "0.2.1",
      "resolved": "https://registry.npmjs.org/mongo-client/-/mongo-client-0.2.1.tgz",
      "integrity": "sha1-Qd9V6XaLHu6jqvyLRpg+Eq4onhk=",
      "requires": {
        "cache-reduce": "github:Raynos/cache-reduce#dedup",
        "callback-reduce": "github:Raynos/callback-reduce#dedup",
        "mongodb": "~1.2.7",
        "reducers": "github:Raynos/reducers#dedup",
        "reducible": "github:Raynos/reducible#v1.0.6"
      }
    },
    "mongodb": {
      "version": "1.2.14",
      "resolved": "https://registry.npmjs.org/mongodb/-/mongodb-1.2.14.tgz",
      "integrity": "sha1-JpZlVSBmQ3MI0JQgNmRuZ5XDqaM=",
      "requires": {
        "bson": "0.1.8"
      }
    },
    "reducers": {
      "version": "github:Raynos/reducers#637bda2ef7845baceebe0fd0ad6cfde4cf289b36",
      "from": "github:Raynos/reducers#dedup",
      "requires": {
        "reducible": "github:Raynos/reducible#v1.0.6"
      }
    },
    "reducible": {
      "version": "github:Raynos/reducible#2f3899f22325af695a6b33d5369467d51ba82eda",
      "from": "github:Raynos/reducible#v1.0.6",
      "requires": {
        "method": "~2.0.x"
      }
    }
  }
}
